
Microsoft Visual Studio Solution File, Format Version 12.00
# Visual Studio 15
VisualStudioVersion = 15.0.27428.2005
MinimumVisualStudioVersion = 10.0.40219.1
Project("{FAE04EC0-301F-11D3-BF4B-00C04F79EFBC}") = "MercuryWebParserClient", "MercuryWebParserClient\MercuryWebParserClient.csproj", "{2F313766-7394-41AE-9590-D8B5F20A8066}"
EndProject
Global
	GlobalSection(SolutionConfigurationPlatforms) = preSolution
		Debug|Any CPU = Debug|Any CPU
		Release|Any CPU = Release|Any CPU
	EndGlobalSection
	GlobalSection(ProjectConfigurationPlatforms) = postSolution
		{2F313766-7394-41AE-9590-D8B5F20A8066}.Debug|Any CPU.ActiveCfg = Debug|Any CPU
		{2F313766-7394-41AE-9590-D8B5F20A8066}.Debug|Any CPU.Build.0 = Debug|Any CPU
		{2F313766-7394-41AE-9590-D8B5F20A8066}.Release|Any CPU.ActiveCfg = Release|Any CPU
		{2F313766-7394-41AE-9590-D8B5F20A8066}.Release|Any CPU.Build.0 = Release|Any CPU
	EndGlobalSection
	GlobalSection(SolutionProperties) = preSolution
		HideSolutionNode = FALSE
	EndGlobalSection
	GlobalSection(ExtensibilityGlobals) = postSolution
		SolutionGuid = {0EEDDC80-FEF5-4356-8A3D-FE53F54B9482}
	EndGlobalSection
EndGlobal
